
Microsoft Visual Studio Solution File, Format Version 12.00
# Visual Studio Version 16
VisualStudioVersion = 16.0.29609.76
MinimumVisualStudioVersion = 10.0.40219.1
Project("{2150E333-8FDC-42A3-9474-1A3956D46DE8}") = "Services", "Services", "{7B131B0C-A032-4616-9DAA-6152812DA841}"
EndProject
Project("{2150E333-8FDC-42A3-9474-1A3956D46DE8}") = "Web", "Web", "{108F5B76-F636-4EA6-89D6-D87FB5AC1F3D}"
EndProject
Project("{2150E333-8FDC-42A3-9474-1A3956D46DE8}") = "User", "User", "{60F57C5B-DB22-46E5-BBE4-4D378F02E120}"
EndProject
Project("{2150E333-8FDC-42A3-9474-1A3956D46DE8}") = "Department", "Department", "{1FB9EF2D-BFCF-44F3-A2E5-3C0DF996016B}"
EndProject
Project("{9A19103F-16F7-4668-BE54-9A1E7A4F7556}") = "Department.API", "Department.API\Department.API.csproj", "{3CA6BE3E-0417-4BC9-A137-DF7BBC4F5B1A}"
EndProject
Project("{9A19103F-16F7-4668-BE54-9A1E7A4F7556}") = "Department.Domain", "Department.Domain\Department.Domain.csproj", "{A4757FD3-4E43-4E74-8821-6219C421E2AD}"
EndProject
Project("{9A19103F-16F7-4668-BE54-9A1E7A4F7556}") = "Department.Application", "Department.Application\Department.Application.csproj", "{DDD63107-F76A-40A9-8993-7656A529756C}"
EndProject
Project("{9A19103F-16F7-4668-BE54-9A1E7A4F7556}") = "Department.Infrastructure", "Department.Infrastructure\Department.Infrastructure.csproj", "{25341F82-9D4C-4580-952C-E5130546DB83}"
EndProject
Project("{9A19103F-16F7-4668-BE54-9A1E7A4F7556}") = "User.Domain", "User.Domain\User.Domain.csproj", "{1ED23EFD-E129-4276-8311-B8B0B549EDCA}"
EndProject
Project("{9A19103F-16F7-4668-BE54-9A1E7A4F7556}") = "User.Application", "User.Application\User.Application.csproj", "{0801BF4C-B462-4880-910F-3D7752388D44}"
EndProject
Project("{9A19103F-16F7-4668-BE54-9A1E7A4F7556}") = "User.Infrastructure", "User.Infrastructure\User.Infrastructure.csproj", "{895E1042-8723-4A80-A43E-F9E811727FBB}"
EndProject
Project("{9A19103F-16F7-4668-BE54-9A1E7A4F7556}") = "User.API", "User.API\User.API.csproj", "{92F11237-958E-4F47-AA6E-99DA12F998A2}"
EndProject
Project("{9A19103F-16F7-4668-BE54-9A1E7A4F7556}") = "Web.Angular", "Web.Angular\Web.Angular.csproj", "{5BDB6707-5024-4E9F-BAE3-562A7751FD75}"
EndProject
Project("{2150E333-8FDC-42A3-9474-1A3956D46DE8}") = "Solution Items", "Solution Items", "{82B0A3B7-8B96-4C4C-A07F-36D1E25AC3BD}"
	ProjectSection(SolutionItems) = preProject
		README.md = README.md
	EndProjectSection
EndProject
Global
	GlobalSection(SolutionConfigurationPlatforms) = preSolution
		Debug|Any CPU = Debug|Any CPU
		Release|Any CPU = Release|Any CPU
	EndGlobalSection
	GlobalSection(ProjectConfigurationPlatforms) = postSolution
		{3CA6BE3E-0417-4BC9-A137-DF7BBC4F5B1A}.Debug|Any CPU.ActiveCfg = Debug|Any CPU
		{3CA6BE3E-0417-4BC9-A137-DF7BBC4F5B1A}.Debug|Any CPU.Build.0 = Debug|Any CPU
		{3CA6BE3E-0417-4BC9-A137-DF7BBC4F5B1A}.Release|Any CPU.ActiveCfg = Release|Any CPU
		{3CA6BE3E-0417-4BC9-A137-DF7BBC4F5B1A}.Release|Any CPU.Build.0 = Release|Any CPU
		{A4757FD3-4E43-4E74-8821-6219C421E2AD}.Debug|Any CPU.ActiveCfg = Debug|Any CPU
		{A4757FD3-4E43-4E74-8821-6219C421E2AD}.Debug|Any CPU.Build.0 = Debug|Any CPU
		{A4757FD3-4E43-4E74-8821-6219C421E2AD}.Release|Any CPU.ActiveCfg = Release|Any CPU
		{A4757FD3-4E43-4E74-8821-6219C421E2AD}.Release|Any CPU.Build.0 = Release|Any CPU
		{DDD63107-F76A-40A9-8993-7656A529756C}.Debug|Any CPU.ActiveCfg = Debug|Any CPU
		{DDD63107-F76A-40A9-8993-7656A529756C}.Debug|Any CPU.Build.0 = Debug|Any CPU
		{DDD63107-F76A-40A9-8993-7656A529756C}.Release|Any CPU.ActiveCfg = Release|Any CPU
		{DDD63107-F76A-40A9-8993-7656A529756C}.Release|Any CPU.Build.0 = Release|Any CPU
		{25341F82-9D4C-4580-952C-E5130546DB83}.Debug|Any CPU.ActiveCfg = Debug|Any CPU
		{25341F82-9D4C-4580-952C-E5130546DB83}.Debug|Any CPU.Build.0 = Debug|Any CPU
		{25341F82-9D4C-4580-952C-E5130546DB83}.Release|Any CPU.ActiveCfg = Release|Any CPU
		{25341F82-9D4C-4580-952C-E5130546DB83}.Release|Any CPU.Build.0 = Release|Any CPU
		{1ED23EFD-E129-4276-8311-B8B0B549EDCA}.Debug|Any CPU.ActiveCfg = Debug|Any CPU
		{1ED23EFD-E129-4276-8311-B8B0B549EDCA}.Debug|Any CPU.Build.0 = Debug|Any CPU
		{1ED23EFD-E129-4276-8311-B8B0B549EDCA}.Release|Any CPU.ActiveCfg = Release|Any CPU
		{1ED23EFD-E129-4276-8311-B8B0B549EDCA}.Release|Any CPU.Build.0 = Release|Any CPU
		{0801BF4C-B462-4880-910F-3D7752388D44}.Debug|Any CPU.ActiveCfg = Debug|Any CPU
		{0801BF4C-B462-4880-910F-3D7752388D44}.Debug|Any CPU.Build.0 = Debug|Any CPU
		{0801BF4C-B462-4880-910F-3D7752388D44}.Release|Any CPU.ActiveCfg = Release|Any CPU
		{0801BF4C-B462-4880-910F-3D7752388D44}.Release|Any CPU.Build.0 = Release|Any CPU
		{895E1042-8723-4A80-A43E-F9E811727FBB}.Debug|Any CPU.ActiveCfg = Debug|Any CPU
		{895E1042-8723-4A80-A43E-F9E811727FBB}.Debug|Any CPU.Build.0 = Debug|Any CPU
		{895E1042-8723-4A80-A43E-F9E811727FBB}.Release|Any CPU.ActiveCfg = Release|Any CPU
		{895E1042-8723-4A80-A43E-F9E811727FBB}.Release|Any CPU.Build.0 = Release|Any CPU
		{92F11237-958E-4F47-AA6E-99DA12F998A2}.Debug|Any CPU.ActiveCfg = Debug|Any CPU
		{92F11237-958E-4F47-AA6E-99DA12F998A2}.Debug|Any CPU.Build.0 = Debug|Any CPU
		{92F11237-958E-4F47-AA6E-99DA12F998A2}.Release|Any CPU.ActiveCfg = Release|Any CPU
		{92F11237-958E-4F47-AA6E-99DA12F998A2}.Release|Any CPU.Build.0 = Release|Any CPU
		{5BDB6707-5024-4E9F-BAE3-562A7751FD75}.Debug|Any CPU.ActiveCfg = Debug|Any CPU
		{5BDB6707-5024-4E9F-BAE3-562A7751FD75}.Debug|Any CPU.Build.0 = Debug|Any CPU
		{5BDB6707-5024-4E9F-BAE3-562A7751FD75}.Release|Any CPU.ActiveCfg = Release|Any CPU
		{5BDB6707-5024-4E9F-BAE3-562A7751FD75}.Release|Any CPU.Build.0 = Release|Any CPU
	EndGlobalSection
	GlobalSection(SolutionProperties) = preSolution
		HideSolutionNode = FALSE
	EndGlobalSection
	GlobalSection(NestedProjects) = preSolution
		{60F57C5B-DB22-46E5-BBE4-4D378F02E120} = {7B131B0C-A032-4616-9DAA-6152812DA841}
		{1FB9EF2D-BFCF-44F3-A2E5-3C0DF996016B} = {7B131B0C-A032-4616-9DAA-6152812DA841}
		{3CA6BE3E-0417-4BC9-A137-DF7BBC4F5B1A} = {1FB9EF2D-BFCF-44F3-A2E5-3C0DF996016B}
		{A4757FD3-4E43-4E74-8821-6219C421E2AD} = {1FB9EF2D-BFCF-44F3-A2E5-3C0DF996016B}
		{DDD63107-F76A-40A9-8993-7656A529756C} = {1FB9EF2D-BFCF-44F3-A2E5-3C0DF996016B}
		{25341F82-9D4C-4580-952C-E5130546DB83} = {1FB9EF2D-BFCF-44F3-A2E5-3C0DF996016B}
		{1ED23EFD-E129-4276-8311-B8B0B549EDCA} = {60F57C5B-DB22-46E5-BBE4-4D378F02E120}
		{0801BF4C-B462-4880-910F-3D7752388D44} = {60F57C5B-DB22-46E5-BBE4-4D378F02E120}
		{895E1042-8723-4A80-A43E-F9E811727FBB} = {60F57C5B-DB22-46E5-BBE4-4D378F02E120}
		{92F11237-958E-4F47-AA6E-99DA12F998A2} = {60F57C5B-DB22-46E5-BBE4-4D378F02E120}
		{5BDB6707-5024-4E9F-BAE3-562A7751FD75} = {108F5B76-F636-4EA6-89D6-D87FB5AC1F3D}
	EndGlobalSection
	GlobalSection(ExtensibilityGlobals) = postSolution
		SolutionGuid = {C5881C8A-4192-4256-A4A2-8293671D3B6C}
	EndGlobalSection
EndGlobal
